{
	"name": "@nunomoura/changekernel",
	"version": "0.4.0-sk3g.1",
	"lockfileVersion": 3,
	"requires": true,
	"packages": {
		"": {
			"name": "@nunomoura/changekernel",
			"version": "0.4.0-sk3g.1",
			"license": "MIT",
			"dependencies": {
				"@deepseek-ai/cordis": "4.0.1",
				"@deepseek-ai/dsh-agent": "0.1.1-rc.2",
				"@deepseek-ai/dsh-agent-loop": "0.1.1-rc.2",
				"@deepseek-ai/dsh-invariants": "0.1.1-rc.2",
				"@deepseek-ai/dsh-llm": "0.1.1-rc.2",
				"@deepseek-ai/dsh-session": "0.1.1-rc.2",
				"@deepseek-ai/dsh-session-persistence-jsonl": "0.1.1-rc.2",
				"@deepseek-ai/dsh-system-prompt": "0.1.1-rc.2",
				"@deepseek-ai/dsh-tools": "0.1.1-rc.2",
				"mdast-util-from-markdown": "2.0.3",
				"yaml": "2.9.0"
			},
			"bin": {
				"changekernel": "bin/changekernel.mjs"
			},
			"devDependencies": {
				"@deepseek-ai/dsh-llm-replay": "0.1.1-rc.2",
				"@types/node": "25.6.0",
				"koffi": "3.1.5",
				"typescript": "^5.9.3",
				"zod": "4.4.3"
			},
			"engines": {
				"node": ">=22.19.0"
			}
		},
		"node_modules/@deepseek-ai/cordis": {
			"version": "4.0.1",
			"resolved": "https://registry.npmjs.org/@deepseek-ai/cordis/-/cordis-4.0.1.tgz",
			"integrity": "sha512-YBdskTU2Po1kru3GgcUWUbkTsPMA9LkSQDAY8rBkFJeajdgcQad3QPJZE26JyK99Xb6HaASvoXg2DSUTeN/0Nw==",
			"license": "MIT",
			"dependencies": {
				"@deepseek-ai/cosmokit": "^1.8.2",
				"@standard-schema/spec": "^1.1.0"
			},
			"bin": {
				"cordis": "bin.js"
			},
			"peerDependencies": {
				"@deepseek-ai/cordis-plugin-include": "^1.0.6",
				"@deepseek-ai/cordis-plugin-loader": "^1.0.2"
			},
			"peerDependenciesMeta": {
				"@deepseek-ai/cordis-plugin-include": {
					"optional": true
				},
				"@deepseek-ai/cordis-plugin-loader": {
					"optional": true
				}
			}
		},
		"node_modules/@deepseek-ai/cosmokit": {
			"version": "1.8.2",
			"resolved": "https://registry.npmjs.org/@deepseek-ai/cosmokit/-/cosmokit-1.8.2.tgz",
			"integrity": "sha512-muBOKtSrUKU5m/xpq8ZXWL6hQ/jgd4PhU2PqH97bcxIiLEJfNwZOGQEx4t/aS/GgxRAR+ra9pMHPMtTHU4sqqA==",
			"license": "MIT"
		},
		"node_modules/@deepseek-ai/dsh-agent": {
			"version": "0.1.1-rc.2",
			"resolved": "https://registry.npmjs.org/@deepseek-ai/dsh-agent/-/dsh-agent-0.1.1-rc.2.tgz",
			"integrity": "sha512-cC7lnJe7JgPFcreNXxcxLMxQd78LnpVO9ZXROjZsGRQN1zGH6i/DduI892F1am85IfzzO+XTxMwwUHmfwamb0g==",
			"license": "MIT",
			"peerDependencies": {
				"@deepseek-ai/cordis": "^4.0.1",
				"@deepseek-ai/dsh-invariants": "^0.1.1-rc.2",
				"@deepseek-ai/dsh-llm": "^0.1.1-rc.2",
				"@deepseek-ai/dsh-scope": "^0.1.1-rc.2",
				"@deepseek-ai/dsh-session": "^0.1.1-rc.2",
				"@deepseek-ai/dsh-system-prompt": "^0.1.1-rc.2",
				"@deepseek-ai/dsh-typert-protocol": "^0.1.1-rc.2"
			}
		},
		"node_modules/@deepseek-ai/dsh-agent-loop": {
			"version": "0.1.1-rc.2",
			"resolved": "https://registry.npmjs.org/@deepseek-ai/dsh-agent-loop/-/dsh-agent-loop-0.1.1-rc.2.tgz",
			"integrity": "sha512-2uJZ6kjJ3IYLRGn6/NhiZgD576ABcbERB/nkReR9TEUMO2zWkz6OuKtVwLyFCFSni2T25Jv+clKQWt7D4MhU3A==",
			"license": "MIT",
			"dependencies": {
				"@deepseek-ai/schemastery": "^3.18.1"
			},
			"peerDependencies": {
				"@deepseek-ai/cordis": "^4.0.1",
				"@deepseek-ai/dsh-agent": "^0.1.1-rc.2",
				"@deepseek-ai/dsh-invariants": "^0.1.1-rc.2",
				"@deepseek-ai/dsh-llm": "^0.1.1-rc.2",
				"@deepseek-ai/dsh-scope": "^0.1.1-rc.2",
				"@deepseek-ai/dsh-session": "^0.1.1-rc.2",
				"@deepseek-ai/dsh-session-persistence": "^0.1.1-rc.2",
				"@deepseek-ai/dsh-settings": "^0.1.1-rc.2",
				"@deepseek-ai/dsh-system-prompt": "^0.1.1-rc.2",
				"@deepseek-ai/dsh-tools": "^0.1.1-rc.2"
			}
		},
		"node_modules/@deepseek-ai/dsh-attachment": {
			"version": "0.1.1-rc.2",
			"resolved": "https://registry.npmjs.org/@deepseek-ai/dsh-attachment/-/dsh-attachment-0.1.1-rc.2.tgz",
			"integrity": "sha512-rCYAt8QsawP1yfDCU7XxNwYT/XWvyFsxYrkwhLLkdfW83QVD0CQHizSkTQE7RFX74nKUD1z3sTLfnLr7xneArw==",
			"license": "MIT",
			"peer": true,
			"peerDependencies": {
				"@deepseek-ai/cordis": "^4.0.1",
				"@deepseek-ai/dsh-brand": "^0.1.1-rc.2",
				"@deepseek-ai/dsh-invariants": "^0.1.1-rc.2"
			}
		},
		"node_modules/@deepseek-ai/dsh-brand": {
			"version": "0.1.1-rc.2",
			"resolved": "https://registry.npmjs.org/@deepseek-ai/dsh-brand/-/dsh-brand-0.1.1-rc.2.tgz",
			"integrity": "sha512-8vXsAXoUdzKAgvd/E9DgyT6HKmR6ZM4rtJ3fs/XoJ6n2kBk4tWil8Lv+jxCMWJeMOnTJF55gu2+NWQ3ECFPtJw==",
			"license": "MIT",
			"peer": true,
			"peerDependencies": {
				"@deepseek-ai/cordis": "^4.0.1",
				"@deepseek-ai/dsh-invariants": "^0.1.1-rc.2"
			}
		},
		"node_modules/@deepseek-ai/dsh-code-runtime": {
			"version": "0.1.1-rc.2",
			"resolved": "https://registry.npmjs.org/@deepseek-ai/dsh-code-runtime/-/dsh-code-runtime-0.1.1-rc.2.tgz",
			"integrity": "sha512-SgFresqH5UABzRQZ7tOfqzOLMHF7089VeH+mfcwNQH5peOavgEKrAGOYz/9RnISH0XmMrj/x177t8gfO8Uvo/w==",
			"license": "MIT",
			"peer": true,
			"peerDependencies": {
				"@deepseek-ai/cordis": "^4.0.1",
				"@deepseek-ai/dsh-invariants": "^0.1.1-rc.2"
			}
		},
		"node_modules/@deepseek-ai/dsh-commands": {
			"version": "0.1.1-rc.2",
			"resolved": "https://registry.npmjs.org/@deepseek-ai/dsh-commands/-/dsh-commands-0.1.1-rc.2.tgz",
			"integrity": "sha512-BOIe4Sht9rmMv1a6b3GWjWBbeWr7PtHlAy41vgpaymvUUuzOapOIA648ZMGCI/crRIt72Umev2FHtSwCNSbYZg==",
			"dev": true,
			"license": "MIT",
			"peer": true,
			"dependencies": {
				"zod": "^4.4.3"
			},
			"peerDependencies": {
				"@deepseek-ai/cordis": "^4.0.1",
				"@deepseek-ai/dsh-agent": "^0.1.1-rc.2",
				"@deepseek-ai/dsh-attachment": "^0.1.1-rc.2",
				"@deepseek-ai/dsh-brand": "^0.1.1-rc.2",
				"@deepseek-ai/dsh-invariants": "^0.1.1-rc.2",
				"@deepseek-ai/dsh-llm": "^0.1.1-rc.2",
				"@deepseek-ai/dsh-scope": "^0.1.1-rc.2",
				"@deepseek-ai/dsh-session": "^0.1.1-rc.2",
				"@deepseek-ai/dsh-typert-protocol": "^0.1.1-rc.2"
			}
		},
		"node_modules/@deepseek-ai/dsh-compaction": {
			"version": "0.1.1-rc.2",
			"resolved": "https://registry.npmjs.org/@deepseek-ai/dsh-compaction/-/dsh-compaction-0.1.1-rc.2.tgz",
			"integrity": "sha512-LV5GAIx7GO8DCRivnN2bmLmuucsYDG+ifG18BaXBqsVKdrzmaIu5o+CBxQAI2bX1N6mfBenLxmvCnROkyumLTg==",
			"dev": true,
			"license": "MIT",
			"peer": true,
			"peerDependencies": {
				"@deepseek-ai/cordis": "^4.0.1",
				"@deepseek-ai/dsh-brand": "^0.1.1-rc.2",
				"@deepseek-ai/dsh-commands": "^0.1.1-rc.2",
				"@deepseek-ai/dsh-invariants": "^0.1.1-rc.2",
				"@deepseek-ai/dsh-llm": "^0.1.1-rc.2",
				"@deepseek-ai/dsh-session": "^0.1.1-rc.2"
			}
		},
		"node_modules/@deepseek-ai/dsh-invariants": {
			"version": "0.1.1-rc.2",
			"resolved": "https://registry.npmjs.org/@deepseek-ai/dsh-invariants/-/dsh-invariants-0.1.1-rc.2.tgz",
			"integrity": "sha512-l+1Om/EDFyMjhgSuEx2WDLLA2fia/+ga9mBTCoT/MMslsnWaK5G0/lWwbwlTBSaJ6OfmYc3DuBgox8DbgIGHRQ==",
			"license": "MIT",
			"dependencies": {
				"@deepseek-ai/schemastery": "^3.18.1"
			},
			"peerDependencies": {
				"@deepseek-ai/cordis": "^4.0.1"
			}
		},
		"node_modules/@deepseek-ai/dsh-llm": {
			"version": "0.1.1-rc.2",
			"resolved": "https://registry.npmjs.org/@deepseek-ai/dsh-llm/-/dsh-llm-0.1.1-rc.2.tgz",
			"integrity": "sha512-ASJfjIdZbIXvLwi3rGo+eZb/GxMVV/WO5/XVD3B96mT8EIzrlw3+nMR6/CvmJVzcycKQ2XN0wj7jD6TasPRySA==",
			"license": "MIT",
			"dependencies": {
				"@deepseek-ai/schemastery": "^3.18.1"
			},
			"peerDependencies": {
				"@deepseek-ai/cordis": "^4.0.1",
				"@deepseek-ai/dsh-attachment": "^0.1.1-rc.2",
				"@deepseek-ai/dsh-brand": "^0.1.1-rc.2",
				"@deepseek-ai/dsh-invariants": "^0.1.1-rc.2",
				"@deepseek-ai/dsh-timeout": "^0.1.1-rc.2"
			}
		},
		"node_modules/@deepseek-ai/dsh-llm-replay": {
			"version": "0.1.1-rc.2",
			"resolved": "https://registry.npmjs.org/@deepseek-ai/dsh-llm-replay/-/dsh-llm-replay-0.1.1-rc.2.tgz",
			"integrity": "sha512-QyWiC3zOGIc6DRzM7vgMyZWS3hhQpi0vI0ZSh1Bg6+BSJR4gJPvfJtiZnoUOtkAP7mFKl/kL+WImijBGc6Mm6w==",
			"dev": true,
			"license": "MIT",
			"peerDependencies": {
				"@deepseek-ai/cordis": "^4.0.1",
				"@deepseek-ai/dsh-compaction": "^0.1.1-rc.2",
				"@deepseek-ai/dsh-invariants": "^0.1.1-rc.2",
				"@deepseek-ai/dsh-llm": "^0.1.1-rc.2",
				"@deepseek-ai/dsh-session": "^0.1.1-rc.2"
			}
		},
		"node_modules/@deepseek-ai/dsh-scope": {
			"version": "0.1.1-rc.2",
			"resolved": "https://registry.npmjs.org/@deepseek-ai/dsh-scope/-/dsh-scope-0.1.1-rc.2.tgz",
			"integrity": "sha512-Xy3ejL6dwVSluZL7XOWy76ya4pCw1uHwxodDK4O9XiQUiUV4FBXnt0aNJUtMeAFN0c1YujxxCmRniMvuuNn1Nw==",
			"license": "MIT",
			"peer": true,
			"peerDependencies": {
				"@deepseek-ai/cordis": "^4.0.1",
				"@deepseek-ai/dsh-invariants": "^0.1.1-rc.2"
			}
		},
		"node_modules/@deepseek-ai/dsh-session": {
			"version": "0.1.1-rc.2",
			"resolved": "https://registry.npmjs.org/@deepseek-ai/dsh-session/-/dsh-session-0.1.1-rc.2.tgz",
			"integrity": "sha512-4/cv6X9HPhm47eyRhCu/WZwzrtJKegk5J+0xaxcZ9i8S0smdxP57tqy8a0jkSshLQn7BzMFxneQrlYExrLrDhQ==",
			"license": "MIT",
			"peerDependencies": {
				"@deepseek-ai/cordis": "^4.0.1",
				"@deepseek-ai/dsh-brand": "^0.1.1-rc.2",
				"@deepseek-ai/dsh-invariants": "^0.1.1-rc.2",
				"@deepseek-ai/dsh-llm": "^0.1.1-rc.2",
				"@deepseek-ai/dsh-scope": "^0.1.1-rc.2",
				"@deepseek-ai/dsh-typert-protocol": "^0.1.1-rc.2"
			}
		},
		"node_modules/@deepseek-ai/dsh-session-persistence": {
			"version": "0.1.1-rc.2",
			"resolved": "https://registry.npmjs.org/@deepseek-ai/dsh-session-persistence/-/dsh-session-persistence-0.1.1-rc.2.tgz",
			"integrity": "sha512-dxdYxRfmK5jWtiFFabqRNb/jGGjkXyF2djI7O8IIKmDVjhQiv170zpvhbAhRUuqClEdseCtbQpLBrRm2blzt3g==",
			"license": "MIT",
			"peer": true,
			"peerDependencies": {
				"@deepseek-ai/cordis": "^4.0.1",
				"@deepseek-ai/dsh-brand": "^0.1.1-rc.2",
				"@deepseek-ai/dsh-invariants": "^0.1.1-rc.2",
				"@deepseek-ai/dsh-session": "^0.1.1-rc.2",
				"@deepseek-ai/dsh-timeout": "^0.1.1-rc.2"
			}
		},
		"node_modules/@deepseek-ai/dsh-session-persistence-jsonl": {
			"version": "0.1.1-rc.2",
			"resolved": "https://registry.npmjs.org/@deepseek-ai/dsh-session-persistence-jsonl/-/dsh-session-persistence-jsonl-0.1.1-rc.2.tgz",
			"integrity": "sha512-1H+boST8tlc8fu5VVClcCRFGI18dH1EOAzfC+HsQZ+GiC7jhPN112oJWyzxKot1P07bmKdKev3un4VR2Chr/aw==",
			"license": "MIT",
			"dependencies": {
				"@deepseek-ai/schemastery": "^3.18.1",
				"koffi": "^3.1.0"
			},
			"peerDependencies": {
				"@deepseek-ai/cordis": "^4.0.1",
				"@deepseek-ai/dsh-invariants": "^0.1.1-rc.2",
				"@deepseek-ai/dsh-session": "^0.1.1-rc.2",
				"@deepseek-ai/dsh-session-persistence": "^0.1.1-rc.2"
			}
		},
		"node_modules/@deepseek-ai/dsh-settings": {
			"version": "0.1.1-rc.2",
			"resolved": "https://registry.npmjs.org/@deepseek-ai/dsh-settings/-/dsh-settings-0.1.1-rc.2.tgz",
			"integrity": "sha512-iGdKEt91Im3gE7xA9CzRfTJsPcFcxDeDOCLhAjzbpjEv7TAjx/EoYP7lPtiy+QmOjKSKy206SEtAKol9PXWbOw==",
			"license": "MIT",
			"peer": true,
			"peerDependencies": {
				"@deepseek-ai/cordis": "^4.0.1",
				"@deepseek-ai/dsh-brand": "^0.1.1-rc.2",
				"@deepseek-ai/dsh-invariants": "^0.1.1-rc.2",
				"@deepseek-ai/schemastery": "^3.18.1"
			}
		},
		"node_modules/@deepseek-ai/dsh-system-prompt": {
			"version": "0.1.1-rc.2",
			"resolved": "https://registry.npmjs.org/@deepseek-ai/dsh-system-prompt/-/dsh-system-prompt-0.1.1-rc.2.tgz",
			"integrity": "sha512-on4hjAlYI5uX9q7Sf95YkMMBVe6heywtA/H50ksrIMUub8U2B98hO9iQpHhjwIO1F1vu+5pLcPvRr6yUGGmtXQ==",
			"license": "MIT",
			"dependencies": {
				"@deepseek-ai/schemastery": "^3.18.1"
			},
			"peerDependencies": {
				"@deepseek-ai/cordis": "^4.0.1",
				"@deepseek-ai/dsh-invariants": "^0.1.1-rc.2",
				"@deepseek-ai/dsh-llm": "^0.1.1-rc.2",
				"@deepseek-ai/dsh-scope": "^0.1.1-rc.2"
			}
		},
		"node_modules/@deepseek-ai/dsh-timeout": {
			"version": "0.1.1-rc.2",
			"resolved": "https://registry.npmjs.org/@deepseek-ai/dsh-timeout/-/dsh-timeout-0.1.1-rc.2.tgz",
			"integrity": "sha512-RrouVgU3G5gXr9zHhpThkMG6YKdcRJzXXdPm1dq3ioBxbvxlfMSfNY4tN8lWMJxLyGtvWkPra0HQX+YWxvdOOA==",
			"license": "MIT",
			"peer": true,
			"peerDependencies": {
				"@deepseek-ai/cordis": "^4.0.1",
				"@deepseek-ai/dsh-invariants": "^0.1.1-rc.2"
			}
		},
		"node_modules/@deepseek-ai/dsh-tools": {
			"version": "0.1.1-rc.2",
			"resolved": "https://registry.npmjs.org/@deepseek-ai/dsh-tools/-/dsh-tools-0.1.1-rc.2.tgz",
			"integrity": "sha512-0GGL4D55MwYDepzZMOI3L0ycu5b2qr96GL0Y7snwhAnpK2Di61rbX3fJE+PB3ZrovGX0csIRdt9n3iJZDVtDrw==",
			"license": "MIT",
			"dependencies": {
				"@deepseek-ai/schemastery": "^3.18.1"
			},
			"peerDependencies": {
				"@deepseek-ai/cordis": "^4.0.1",
				"@deepseek-ai/dsh-agent": "^0.1.1-rc.2",
				"@deepseek-ai/dsh-code-runtime": "^0.1.1-rc.2",
				"@deepseek-ai/dsh-invariants": "^0.1.1-rc.2",
				"@deepseek-ai/dsh-llm": "^0.1.1-rc.2",
				"@deepseek-ai/dsh-scope": "^0.1.1-rc.2",
				"@deepseek-ai/dsh-session": "^0.1.1-rc.2",
				"@deepseek-ai/dsh-system-prompt": "^0.1.1-rc.2",
				"@deepseek-ai/dsh-user-approval": "^0.1.1-rc.2"
			}
		},
		"node_modules/@deepseek-ai/dsh-typert-protocol": {
			"version": "0.1.1-rc.2",
			"resolved": "https://registry.npmjs.org/@deepseek-ai/dsh-typert-protocol/-/dsh-typert-protocol-0.1.1-rc.2.tgz",
			"integrity": "sha512-lxBssDc5Pz1qBE5kuIyaArA7AvIPq9rpaVclylodiSzVJe95e2xruBg73tflyjtd8y00toet+DLgQ6tSSsq6Kw==",
			"license": "MIT",
			"peer": true,
			"peerDependencies": {
				"@deepseek-ai/cordis": "^4.0.1",
				"@deepseek-ai/dsh-invariants": "^0.1.1-rc.2"
			}
		},
		"node_modules/@deepseek-ai/dsh-user-approval": {
			"version": "0.1.1-rc.2",
			"resolved": "https://registry.npmjs.org/@deepseek-ai/dsh-user-approval/-/dsh-user-approval-0.1.1-rc.2.tgz",
			"integrity": "sha512-SdsO4Rs+NeJFoertkVilXBACREOLfkKPJJznYKqDhJxeRo38RJ56dtj0Xd0/6rERmsQiMck4Bwdrzg1ubUqPNA==",
			"license": "MIT",
			"peer": true,
			"dependencies": {
				"@deepseek-ai/schemastery": "^3.18.1"
			},
			"peerDependencies": {
				"@deepseek-ai/cordis": "^4.0.1",
				"@deepseek-ai/dsh-agent": "^0.1.1-rc.2",
				"@deepseek-ai/dsh-brand": "^0.1.1-rc.2",
				"@deepseek-ai/dsh-invariants": "^0.1.1-rc.2",
				"@deepseek-ai/dsh-llm": "^0.1.1-rc.2",
				"@deepseek-ai/dsh-scope": "^0.1.1-rc.2",
				"@deepseek-ai/dsh-session": "^0.1.1-rc.2",
				"@deepseek-ai/dsh-system-prompt": "^0.1.1-rc.2"
			}
		},
		"node_modules/@deepseek-ai/schemastery": {
			"version": "3.18.1",
			"resolved": "https://registry.npmjs.org/@deepseek-ai/schemastery/-/schemastery-3.18.1.tgz",
			"integrity": "sha512-Qn0FCSwCQnpnj6SB31I6i2sIKgKWnkbJM8O0EU91Gv2UsYVvtZTl6IA0sCwk2e2MZf5S8w5hpq9QkeVvK9qwxg==",
			"license": "MIT",
			"dependencies": {
				"@deepseek-ai/cosmokit": "^1.8.2",
				"@standard-schema/spec": "^1.1.0"
			}
		},
		"node_modules/@koromix/koffi-darwin-arm64": {
			"version": "3.1.5",
			"resolved": "https://registry.npmjs.org/@koromix/koffi-darwin-arm64/-/koffi-darwin-arm64-3.1.5.tgz",
			"integrity": "sha512-IpqITl2fJi3QN9bTtNnygWPdK7ScSjw3xtGu8e6feYGvimCysu+spgI5KyeslY2jTnqxGS9xr8pLAbLhGJ8edA==",
			"cpu": [
				"arm64"
			],
			"license": "MIT",
			"optional": true,
			"os": [
				"darwin"
			],
			"funding": {
				"url": "https://liberapay.com/Koromix"
			}
		},
		"node_modules/@koromix/koffi-darwin-x64": {
			"version": "3.1.5",
			"resolved": "https://registry.npmjs.org/@koromix/koffi-darwin-x64/-/koffi-darwin-x64-3.1.5.tgz",
			"integrity": "sha512-4Tia4BS5EV/+vN9eIrdToanVe+U/2VqTZCBgOzoUbPKjgky51eqM+3J4qdRUvmYJohcJNPob5/hsxeItUZrl1g==",
			"cpu": [
				"x64"
			],
			"license": "MIT",
			"optional": true,
			"os": [
				"darwin"
			],
			"funding": {
				"url": "https://liberapay.com/Koromix"
			}
		},
		"node_modules/@koromix/koffi-freebsd-arm64": {
			"version": "3.1.5",
			"resolved": "https://registry.npmjs.org/@koromix/koffi-freebsd-arm64/-/koffi-freebsd-arm64-3.1.5.tgz",
			"integrity": "sha512-bP94uzseFO79NG3flpU3WxfyvltD+jzC/kN8FDZLi8J0VUZNW1Wmu8yq87KEzjX1qT9KyX4Y+elVbGqHXHTv2Q==",
			"cpu": [
				"arm64"
			],
			"license": "MIT",
			"optional": true,
			"os": [
				"freebsd"
			],
			"funding": {
				"url": "https://liberapay.com/Koromix"
			}
		},
		"node_modules/@koromix/koffi-freebsd-ia32": {
			"version": "3.1.5",
			"resolved": "https://registry.npmjs.org/@koromix/koffi-freebsd-ia32/-/koffi-freebsd-ia32-3.1.5.tgz",
			"integrity": "sha512-raFXXAPHzvCQWhaoMUF+Cc2ZWgg2UBU0RVoowHZhaw9nQYPC1pERcPRH+JA+SNIN6g4d2GFW6uPFc+QbUhsagA==",
			"cpu": [
				"ia32"
			],
			"license": "MIT",
			"optional": true,
			"os": [
				"freebsd"
			],
			"funding": {
				"url": "https://liberapay.com/Koromix"
			}
		},
		"node_modules/@koromix/koffi-freebsd-x64": {
			"version": "3.1.5",
			"resolved": "https://registry.npmjs.org/@koromix/koffi-freebsd-x64/-/koffi-freebsd-x64-3.1.5.tgz",
			"integrity": "sha512-h6RyBZmPMBIDWTABkJIhzDdYwSnYAJvTacHpEjbT55Arkmw1H15Rl7CFtXuEuBrqh+uivoCrRgA6vszl9CsJ9g==",
			"cpu": [
				"x64"
			],
			"license": "MIT",
			"optional": true,
			"os": [
				"freebsd"
			],
			"funding": {
				"url": "https://liberapay.com/Koromix"
			}
		},
		"node_modules/@koromix/koffi-linux-arm64": {
			"version": "3.1.5",
			"resolved": "https://registry.npmjs.org/@koromix/koffi-linux-arm64/-/koffi-linux-arm64-3.1.5.tgz",
			"integrity": "sha512-u0vCmKPu4yQDhl/ri1J6U3vDnvYtYjoZaIWb+oMbRXhVZeiqdE53MGPb+q2A7Dj2n9IbYloAfEICQbL6l0pmiQ==",
			"cpu": [
				"arm64"
			],
			"license": "MIT",
			"optional": true,
			"os": [
				"linux"
			],
			"funding": {
				"url": "https://liberapay.com/Koromix"
			}
		},
		"node_modules/@koromix/koffi-linux-ia32": {
			"version": "3.1.5",
			"resolved": "https://registry.npmjs.org/@koromix/koffi-linux-ia32/-/koffi-linux-ia32-3.1.5.tgz",
			"integrity": "sha512-Xa5JbumWglwPVZgrJcLhqyC1wCWlfm7+C00p3FuOTNGp0qoYuf2/tOoAh0/q7+taVm30cMopu/6lRHwdmF6I/w==",
			"cpu": [
				"ia32"
			],
			"license": "MIT",
			"optional": true,
			"os": [
				"linux"
			],
			"funding": {
				"url": "https://liberapay.com/Koromix"
			}
		},
		"node_modules/@koromix/koffi-linux-loong64": {
			"version": "3.1.5",
			"resolved": "https://registry.npmjs.org/@koromix/koffi-linux-loong64/-/koffi-linux-loong64-3.1.5.tgz",
			"integrity": "sha512-F3i2CeTcqVBUQiSRUBSEzX1VgtXmLLiZb/ouZtXHkWpTLhJNd9TH7s3CizTofci0VRqlKdexGUYhK5vzPDAAHA==",
			"cpu": [
				"loong64"
			],
			"license": "MIT",
			"optional": true,
			"os": [
				"linux"
			],
			"funding": {
				"url": "https://liberapay.com/Koromix"
			}
		},
		"node_modules/@koromix/koffi-linux-riscv64": {
			"version": "3.1.5",
			"resolved": "https://registry.npmjs.org/@koromix/koffi-linux-riscv64/-/koffi-linux-riscv64-3.1.5.tgz",
			"integrity": "sha512-2TgQuzy+4PfDg+rw3kOmN6lywEWdzKT3eaLPbOp0b/9DaN7CLBJ/QIR5GhGsMNpeI30zU0YzFeYFxoVoJ/LqFw==",
			"cpu": [
				"riscv64"
			],
			"license": "MIT",
			"optional": true,
			"os": [
				"linux"
			],
			"funding": {
				"url": "https://liberapay.com/Koromix"
			}
		},
		"node_modules/@koromix/koffi-linux-x64": {
			"version": "3.1.5",
			"resolved": "https://registry.npmjs.org/@koromix/koffi-linux-x64/-/koffi-linux-x64-3.1.5.tgz",
			"integrity": "sha512-2yaIg/1V0m4CiAUMzG4CIlWmq1WJ+QBMlFfaGr9su+OH5fuIqC7V3BbMiB03IwIl1VofIZO5JA4Db4lID8tpbw==",
			"cpu": [
				"x64"
			],
			"license": "MIT",
			"optional": true,
			"os": [
				"linux"
			],
			"funding": {
				"url": "https://liberapay.com/Koromix"
			}
		},
		"node_modules/@koromix/koffi-openbsd-ia32": {
			"version": "3.1.5",
			"resolved": "https://registry.npmjs.org/@koromix/koffi-openbsd-ia32/-/koffi-openbsd-ia32-3.1.5.tgz",
			"integrity": "sha512-8/OXd+u9omMooykhvdJPEP7u6FFzzrrFo9gOmSHc9/DPt3XkVYOtSsE97PDk6zYaAzwIYHSKjHvIXsfFwFc7sg==",
			"cpu": [
				"ia32"
			],
			"license": "MIT",
			"optional": true,
			"os": [
				"openbsd"
			],
			"funding": {
				"url": "https://liberapay.com/Koromix"
			}
		},
		"node_modules/@koromix/koffi-openbsd-x64": {
			"version": "3.1.5",
			"resolved": "https://registry.npmjs.org/@koromix/koffi-openbsd-x64/-/koffi-openbsd-x64-3.1.5.tgz",
			"integrity": "sha512-SpeqldKkuDk2aTj5PVWumy7eq6Tr2GtBPAOI1NiDHhg8xe433KraxrA9V9UjEd+1+kSGJQGR04nQByN3MPA9PQ==",
			"cpu": [
				"x64"
			],
			"license": "MIT",
			"optional": true,
			"os": [
				"openbsd"
			],
			"funding": {
				"url": "https://liberapay.com/Koromix"
			}
		},
		"node_modules/@koromix/koffi-win32-arm64": {
			"version": "3.1.5",
			"resolved": "https://registry.npmjs.org/@koromix/koffi-win32-arm64/-/koffi-win32-arm64-3.1.5.tgz",
			"integrity": "sha512-uej3YAEKAhlfVPoIo5sOwtxhTLRVJ01LgtWrKGpnnAQU3C+Ilmaxdh+Oc2xc1G3NK30N5eCVJpyO9r3pjKC6Vw==",
			"cpu": [
				"arm64"
			],
			"license": "MIT",
			"optional": true,
			"os": [
				"win32"
			],
			"funding": {
				"url": "https://liberapay.com/Koromix"
			}
		},
		"node_modules/@koromix/koffi-win32-ia32": {
			"version": "3.1.5",
			"resolved": "https://registry.npmjs.org/@koromix/koffi-win32-ia32/-/koffi-win32-ia32-3.1.5.tgz",
			"integrity": "sha512-d42jv2f4PwtJGNJS19Xfn/BRtGsBNNVkw0O0K5tkIGI+yNq4MnPTSUsaGbDIkCLNsCgk/LFqAaE8BExyCdrujA==",
			"cpu": [
				"ia32"
			],
			"license": "MIT",
			"optional": true,
			"os": [
				"win32"
			],
			"funding": {
				"url": "https://liberapay.com/Koromix"
			}
		},
		"node_modules/@koromix/koffi-win32-x64": {
			"version": "3.1.5",
			"resolved": "https://registry.npmjs.org/@koromix/koffi-win32-x64/-/koffi-win32-x64-3.1.5.tgz",
			"integrity": "sha512-Pyo1WEHEP6Ek2NEn2pquwJzSPLOdY4vymoPSz0an1DgvFWSkOyBYYkGVoxL1ajfj5I1pPdXysYqixtVTzAtOfQ==",
			"cpu": [
				"x64"
			],
			"license": "MIT",
			"optional": true,
			"os": [
				"win32"
			],
			"funding": {
				"url": "https://liberapay.com/Koromix"
			}
		},
		"node_modules/@standard-schema/spec": {
			"version": "1.1.0",
			"resolved": "https://registry.npmjs.org/@standard-schema/spec/-/spec-1.1.0.tgz",
			"integrity": "sha512-l2aFy5jALhniG5HgqrD6jXLi/rUWrKvqN/qJx6yoJsgKhblVd+iqqU4RCXavm/jPityDo5TCvKMnpjKnOriy0w==",
			"license": "MIT"
		},
		"node_modules/@types/debug": {
			"version": "4.1.13",
			"resolved": "https://registry.npmjs.org/@types/debug/-/debug-4.1.13.tgz",
			"integrity": "sha512-KSVgmQmzMwPlmtljOomayoR89W4FynCAi3E8PPs7vmDVPe84hT+vGPKkJfThkmXs0x0jAaa9U8uW8bbfyS2fWw==",
			"license": "MIT",
			"dependencies": {
				"@types/ms": "*"
			}
		},
		"node_modules/@types/mdast": {
			"version": "4.0.4",
			"resolved": "https://registry.npmjs.org/@types/mdast/-/mdast-4.0.4.tgz",
			"integrity": "sha512-kGaNbPh1k7AFzgpud/gMdvIm5xuECykRR+JnWKQno9TAXVa6WIVCGTPvYGekIDL4uwCZQSYbUxNBSb1aUo79oA==",
			"license": "MIT",
			"dependencies": {
				"@types/unist": "*"
			}
		},
		"node_modules/@types/ms": {
			"version": "2.1.0",
			"resolved": "https://registry.npmjs.org/@types/ms/-/ms-2.1.0.tgz",
			"integrity": "sha512-GsCCIZDE/p3i96vtEqx+7dBUGXrc7zeSK3wwPHIaRThS+9OhWIXRqzs4d6k1SVU8g91DrNRWxWUGhp5KXQb2VA==",
			"license": "MIT"
		},
		"node_modules/@types/node": {
			"version": "25.6.0",
			"resolved": "https://registry.npmjs.org/@types/node/-/node-25.6.0.tgz",
			"integrity": "sha512-+qIYRKdNYJwY3vRCZMdJbPLJAtGjQBudzZzdzwQYkEPQd+PJGixUL5QfvCLDaULoLv+RhT3LDkwEfKaAkgSmNQ==",
			"dev": true,
			"license": "MIT",
			"dependencies": {
				"undici-types": "~7.19.0"
			}
		},
		"node_modules/@types/unist": {
			"version": "3.0.3",
			"resolved": "https://registry.npmjs.org/@types/unist/-/unist-3.0.3.tgz",
			"integrity": "sha512-ko/gIFJRv177XgZsZcBwnqJN5x/Gien8qNOn0D5bQU/zAzVf9Zt3BlcUiLqhV9y4ARk0GbT3tnUiPNgnTXzc/Q==",
			"license": "MIT"
		},
		"node_modules/character-entities": {
			"version": "2.0.2",
			"resolved": "https://registry.npmjs.org/character-entities/-/character-entities-2.0.2.tgz",
			"integrity": "sha512-shx7oQ0Awen/BRIdkjkvz54PnEEI/EjwXDSIZp86/KKdbafHh1Df/RYGBhn4hbe2+uKC9FnT5UCEdyPz3ai9hQ==",
			"license": "MIT",
			"funding": {
				"type": "github",
				"url": "https://github.com/sponsors/wooorm"
			}
		},
		"node_modules/debug": {
			"version": "4.4.3",
			"resolved": "https://registry.npmjs.org/debug/-/debug-4.4.3.tgz",
			"integrity": "sha512-RGwwWnwQvkVfavKVt22FGLw+xYSdzARwm0ru6DhTVA3umU5hZc28V3kO4stgYryrTlLpuvgI9GiijltAjNbcqA==",
			"license": "MIT",
			"dependencies": {
				"ms": "^2.1.3"
			},
			"engines": {
				"node": ">=6.0"
			},
			"peerDependenciesMeta": {
				"supports-color": {
					"optional": true
				}
			}
		},
		"node_modules/decode-named-character-reference": {
			"version": "1.3.0",
			"resolved": "https://registry.npmjs.org/decode-named-character-reference/-/decode-named-character-reference-1.3.0.tgz",
			"integrity": "sha512-GtpQYB283KrPp6nRw50q3U9/VfOutZOe103qlN7BPP6Ad27xYnOIWv4lPzo8HCAL+mMZofJ9KEy30fq6MfaK6Q==",
			"license": "MIT",
			"dependencies": {
				"character-entities": "^2.0.0"
			},
			"funding": {
				"type": "github",
				"url": "https://github.com/sponsors/wooorm"
			}
		},
		"node_modules/dequal": {
			"version": "2.0.3",
			"resolved": "https://registry.npmjs.org/dequal/-/dequal-2.0.3.tgz",
			"integrity": "sha512-0je+qPKHEMohvfRTCEo3CrPG6cAzAYgmzKyxRiYSSDkS6eGJdyVJm7WaYA5ECaAD9wLB2T4EEeymA5aFVcYXCA==",
			"license": "MIT",
			"engines": {
				"node": ">=6"
			}
		},
		"node_modules/devlop": {
			"version": "1.1.0",
			"resolved": "https://registry.npmjs.org/devlop/-/devlop-1.1.0.tgz",
			"integrity": "sha512-RWmIqhcFf1lRYBvNmr7qTNuyCt/7/ns2jbpp1+PalgE/rDQcBT0fioSMUpJ93irlUhC5hrg4cYqe6U+0ImW0rA==",
			"license": "MIT",
			"dependencies": {
				"dequal": "^2.0.0"
			},
			"funding": {
				"type": "github",
				"url": "https://github.com/sponsors/wooorm"
			}
		},
		"node_modules/koffi": {
			"version": "3.1.5",
			"resolved": "https://registry.npmjs.org/koffi/-/koffi-3.1.5.tgz",
			"integrity": "sha512-XVwwrxg0Ca6IEUQF4YtGIU4XN0LSselFYpYvgfhh8wafCunhEEx5hPr7LZhp5QyeFA/LcRsKHTqncCdjWjWAlg==",
			"hasInstallScript": true,
			"license": "MIT",
			"funding": {
				"url": "https://liberapay.com/Koromix"
			},
			"optionalDependencies": {
				"@koromix/koffi-darwin-arm64": "3.1.5",
				"@koromix/koffi-darwin-x64": "3.1.5",
				"@koromix/koffi-freebsd-arm64": "3.1.5",
				"@koromix/koffi-freebsd-ia32": "3.1.5",
				"@koromix/koffi-freebsd-x64": "3.1.5",
				"@koromix/koffi-linux-arm64": "3.1.5",
				"@koromix/koffi-linux-ia32": "3.1.5",
				"@koromix/koffi-linux-loong64": "3.1.5",
				"@koromix/koffi-linux-riscv64": "3.1.5",
				"@koromix/koffi-linux-x64": "3.1.5",
				"@koromix/koffi-openbsd-ia32": "3.1.5",
				"@koromix/koffi-openbsd-x64": "3.1.5",
				"@koromix/koffi-win32-arm64": "3.1.5",
				"@koromix/koffi-win32-ia32": "3.1.5",
				"@koromix/koffi-win32-x64": "3.1.5"
			}
		},
		"node_modules/mdast-util-from-markdown": {
			"version": "2.0.3",
			"resolved": "https://registry.npmjs.org/mdast-util-from-markdown/-/mdast-util-from-markdown-2.0.3.tgz",
			"integrity": "sha512-W4mAWTvSlKvf8L6J+VN9yLSqQ9AOAAvHuoDAmPkz4dHf553m5gVj2ejadHJhoJmcmxEnOv6Pa8XJhpxE93kb8Q==",
			"license": "MIT",
			"dependencies": {
				"@types/mdast": "^4.0.0",
				"@types/unist": "^3.0.0",
				"decode-named-character-reference": "^1.0.0",
				"devlop": "^1.0.0",
				"mdast-util-to-string": "^4.0.0",
				"micromark": "^4.0.0",
				"micromark-util-decode-numeric-character-reference": "^2.0.0",
				"micromark-util-decode-string": "^2.0.0",
				"micromark-util-normalize-identifier": "^2.0.0",
				"micromark-util-symbol": "^2.0.0",
				"micromark-util-types": "^2.0.0",
				"unist-util-stringify-position": "^4.0.0"
			},
			"funding": {
				"type": "opencollective",
				"url": "https://opencollective.com/unified"
			}
		},
		"node_modules/mdast-util-to-string": {
			"version": "4.0.0",
			"resolved": "https://registry.npmjs.org/mdast-util-to-string/-/mdast-util-to-string-4.0.0.tgz",
			"integrity": "sha512-0H44vDimn51F0YwvxSJSm0eCDOJTRlmN0R1yBh4HLj9wiV1Dn0QoXGbvFAWj2hSItVTlCmBF1hqKlIyUBVFLPg==",
			"license": "MIT",
			"dependencies": {
				"@types/mdast": "^4.0.0"
			},
			"funding": {
				"type": "opencollective",
				"url": "https://opencollective.com/unified"
			}
		},
		"node_modules/micromark": {
			"version": "4.0.2",
			"resolved": "https://registry.npmjs.org/micromark/-/micromark-4.0.2.tgz",
			"integrity": "sha512-zpe98Q6kvavpCr1NPVSCMebCKfD7CA2NqZ+rykeNhONIJBpc1tFKt9hucLGwha3jNTNI8lHpctWJWoimVF4PfA==",
			"funding": [
				{
					"type": "GitHub Sponsors",
					"url": "https://github.com/sponsors/unifiedjs"
				},
				{
					"type": "OpenCollective",
					"url": "https://opencollective.com/unified"
				}
			],
			"license": "MIT",
			"dependencies": {
				"@types/debug": "^4.0.0",
				"debug": "^4.0.0",
				"decode-named-character-reference": "^1.0.0",
				"devlop": "^1.0.0",
				"micromark-core-commonmark": "^2.0.0",
				"micromark-factory-space": "^2.0.0",
				"micromark-util-character": "^2.0.0",
				"micromark-util-chunked": "^2.0.0",
				"micromark-util-combine-extensions": "^2.0.0",
				"micromark-util-decode-numeric-character-reference": "^2.0.0",
				"micromark-util-encode": "^2.0.0",
				"micromark-util-normalize-identifier": "^2.0.0",
				"micromark-util-resolve-all": "^2.0.0",
				"micromark-util-sanitize-uri": "^2.0.0",
				"micromark-util-subtokenize": "^2.0.0",
				"micromark-util-symbol": "^2.0.0",
				"micromark-util-types": "^2.0.0"
			}
		},
		"node_modules/micromark-core-commonmark": {
			"version": "2.0.3",
			"resolved": "https://registry.npmjs.org/micromark-core-commonmark/-/micromark-core-commonmark-2.0.3.tgz",
			"integrity": "sha512-RDBrHEMSxVFLg6xvnXmb1Ayr2WzLAWjeSATAoxwKYJV94TeNavgoIdA0a9ytzDSVzBy2YKFK+emCPOEibLeCrg==",
			"funding": [
				{
					"type": "GitHub Sponsors",
					"url": "https://github.com/sponsors/unifiedjs"
				},
				{
					"type": "OpenCollective",
					"url": "https://opencollective.com/unified"
				}
			],
			"license": "MIT",
			"dependencies": {
				"decode-named-character-reference": "^1.0.0",
				"devlop": "^1.0.0",
				"micromark-factory-destination": "^2.0.0",
				"micromark-factory-label": "^2.0.0",
				"micromark-factory-space": "^2.0.0",
				"micromark-factory-title": "^2.0.0",
				"micromark-factory-whitespace": "^2.0.0",
				"micromark-util-character": "^2.0.0",
				"micromark-util-chunked": "^2.0.0",
				"micromark-util-classify-character": "^2.0.0",
				"micromark-util-html-tag-name": "^2.0.0",
				"micromark-util-normalize-identifier": "^2.0.0",
				"micromark-util-resolve-all": "^2.0.0",
				"micromark-util-subtokenize": "^2.0.0",
				"micromark-util-symbol": "^2.0.0",
				"micromark-util-types": "^2.0.0"
			}
		},
		"node_modules/micromark-factory-destination": {
			"version": "2.0.1",
			"resolved": "https://registry.npmjs.org/micromark-factory-destination/-/micromark-factory-destination-2.0.1.tgz",
			"integrity": "sha512-Xe6rDdJlkmbFRExpTOmRj9N3MaWmbAgdpSrBQvCFqhezUn4AHqJHbaEnfbVYYiexVSs//tqOdY/DxhjdCiJnIA==",
			"funding": [
				{
					"type": "GitHub Sponsors",
					"url": "https://github.com/sponsors/unifiedjs"
				},
				{
					"type": "OpenCollective",
					"url": "https://opencollective.com/unified"
				}
			],
			"license": "MIT",
			"dependencies": {
				"micromark-util-character": "^2.0.0",
				"micromark-util-symbol": "^2.0.0",
				"micromark-util-types": "^2.0.0"
			}
		},
		"node_modules/micromark-factory-label": {
			"version": "2.0.1",
			"resolved": "https://registry.npmjs.org/micromark-factory-label/-/micromark-factory-label-2.0.1.tgz",
			"integrity": "sha512-VFMekyQExqIW7xIChcXn4ok29YE3rnuyveW3wZQWWqF4Nv9Wk5rgJ99KzPvHjkmPXF93FXIbBp6YdW3t71/7Vg==",
			"funding": [
				{
					"type": "GitHub Sponsors",
					"url": "https://github.com/sponsors/unifiedjs"
				},
				{
					"type": "OpenCollective",
					"url": "https://opencollective.com/unified"
				}
			],
			"license": "MIT",
			"dependencies": {
				"devlop": "^1.0.0",
				"micromark-util-character": "^2.0.0",
				"micromark-util-symbol": "^2.0.0",
				"micromark-util-types": "^2.0.0"
			}
		},
		"node_modules/micromark-factory-space": {
			"version": "2.0.1",
			"resolved": "https://registry.npmjs.org/micromark-factory-space/-/micromark-factory-space-2.0.1.tgz",
			"integrity": "sha512-zRkxjtBxxLd2Sc0d+fbnEunsTj46SWXgXciZmHq0kDYGnck/ZSGj9/wULTV95uoeYiK5hRXP2mJ98Uo4cq/LQg==",
			"funding": [
				{
					"type": "GitHub Sponsors",
					"url": "https://github.com/sponsors/unifiedjs"
				},
				{
					"type": "OpenCollective",
					"url": "https://opencollective.com/unified"
				}
			],
			"license": "MIT",
			"dependencies": {
				"micromark-util-character": "^2.0.0",
				"micromark-util-types": "^2.0.0"
			}
		},
		"node_modules/micromark-factory-title": {
			"version": "2.0.1",
			"resolved": "https://registry.npmjs.org/micromark-factory-title/-/micromark-factory-title-2.0.1.tgz",
			"integrity": "sha512-5bZ+3CjhAd9eChYTHsjy6TGxpOFSKgKKJPJxr293jTbfry2KDoWkhBb6TcPVB4NmzaPhMs1Frm9AZH7OD4Cjzw==",
			"funding": [
				{
					"type": "GitHub Sponsors",
					"url": "https://github.com/sponsors/unifiedjs"
				},
				{
					"type": "OpenCollective",
					"url": "https://opencollective.com/unified"
				}
			],
			"license": "MIT",
			"dependencies": {
				"micromark-factory-space": "^2.0.0",
				"micromark-util-character": "^2.0.0",
				"micromark-util-symbol": "^2.0.0",
				"micromark-util-types": "^2.0.0"
			}
		},
		"node_modules/micromark-factory-whitespace": {
			"version": "2.0.1",
			"resolved": "https://registry.npmjs.org/micromark-factory-whitespace/-/micromark-factory-whitespace-2.0.1.tgz",
			"integrity": "sha512-Ob0nuZ3PKt/n0hORHyvoD9uZhr+Za8sFoP+OnMcnWK5lngSzALgQYKMr9RJVOWLqQYuyn6ulqGWSXdwf6F80lQ==",
			"funding": [
				{
					"type": "GitHub Sponsors",
					"url": "https://github.com/sponsors/unifiedjs"
				},
				{
					"type": "OpenCollective",
					"url": "https://opencollective.com/unified"
				}
			],
			"license": "MIT",
			"dependencies": {
				"micromark-factory-space": "^2.0.0",
				"micromark-util-character": "^2.0.0",
				"micromark-util-symbol": "^2.0.0",
				"micromark-util-types": "^2.0.0"
			}
		},
		"node_modules/micromark-util-character": {
			"version": "2.1.1",
			"resolved": "https://registry.npmjs.org/micromark-util-character/-/micromark-util-character-2.1.1.tgz",
			"integrity": "sha512-wv8tdUTJ3thSFFFJKtpYKOYiGP2+v96Hvk4Tu8KpCAsTMs6yi+nVmGh1syvSCsaxz45J6Jbw+9DD6g97+NV67Q==",
			"funding": [
				{
					"type": "GitHub Sponsors",
					"url": "https://github.com/sponsors/unifiedjs"
				},
				{
					"type": "OpenCollective",
					"url": "https://opencollective.com/unified"
				}
			],
			"license": "MIT",
			"dependencies": {
				"micromark-util-symbol": "^2.0.0",
				"micromark-util-types": "^2.0.0"
			}
		},
		"node_modules/micromark-util-chunked": {
			"version": "2.0.1",
			"resolved": "https://registry.npmjs.org/micromark-util-chunked/-/micromark-util-chunked-2.0.1.tgz",
			"integrity": "sha512-QUNFEOPELfmvv+4xiNg2sRYeS/P84pTW0TCgP5zc9FpXetHY0ab7SxKyAQCNCc1eK0459uoLI1y5oO5Vc1dbhA==",
			"funding": [
				{
					"type": "GitHub Sponsors",
					"url": "https://github.com/sponsors/unifiedjs"
				},
				{
					"type": "OpenCollective",
					"url": "https://opencollective.com/unified"
				}
			],
			"license": "MIT",
			"dependencies": {
				"micromark-util-symbol": "^2.0.0"
			}
		},
		"node_modules/micromark-util-classify-character": {
			"version": "2.0.1",
			"resolved": "https://registry.npmjs.org/micromark-util-classify-character/-/micromark-util-classify-character-2.0.1.tgz",
			"integrity": "sha512-K0kHzM6afW/MbeWYWLjoHQv1sgg2Q9EccHEDzSkxiP/EaagNzCm7T/WMKZ3rjMbvIpvBiZgwR3dKMygtA4mG1Q==",
			"funding": [
				{
					"type": "GitHub Sponsors",
					"url": "https://github.com/sponsors/unifiedjs"
				},
				{
					"type": "OpenCollective",
					"url": "https://opencollective.com/unified"
				}
			],
			"license": "MIT",
			"dependencies": {
				"micromark-util-character": "^2.0.0",
				"micromark-util-symbol": "^2.0.0",
				"micromark-util-types": "^2.0.0"
			}
		},
		"node_modules/micromark-util-combine-extensions": {
			"version": "2.0.1",
			"resolved": "https://registry.npmjs.org/micromark-util-combine-extensions/-/micromark-util-combine-extensions-2.0.1.tgz",
			"integrity": "sha512-OnAnH8Ujmy59JcyZw8JSbK9cGpdVY44NKgSM7E9Eh7DiLS2E9RNQf0dONaGDzEG9yjEl5hcqeIsj4hfRkLH/Bg==",
			"funding": [
				{
					"type": "GitHub Sponsors",
					"url": "https://github.com/sponsors/unifiedjs"
				},
				{
					"type": "OpenCollective",
					"url": "https://opencollective.com/unified"
				}
			],
			"license": "MIT",
			"dependencies": {
				"micromark-util-chunked": "^2.0.0",
				"micromark-util-types": "^2.0.0"
			}
		},
		"node_modules/micromark-util-decode-numeric-character-reference": {
			"version": "2.0.2",
			"resolved": "https://registry.npmjs.org/micromark-util-decode-numeric-character-reference/-/micromark-util-decode-numeric-character-reference-2.0.2.tgz",
			"integrity": "sha512-ccUbYk6CwVdkmCQMyr64dXz42EfHGkPQlBj5p7YVGzq8I7CtjXZJrubAYezf7Rp+bjPseiROqe7G6foFd+lEuw==",
			"funding": [
				{
					"type": "GitHub Sponsors",
					"url": "https://github.com/sponsors/unifiedjs"
				},
				{
					"type": "OpenCollective",
					"url": "https://opencollective.com/unified"
				}
			],
			"license": "MIT",
			"dependencies": {
				"micromark-util-symbol": "^2.0.0"
			}
		},
		"node_modules/micromark-util-decode-string": {
			"version": "2.0.1",
			"resolved": "https://registry.npmjs.org/micromark-util-decode-string/-/micromark-util-decode-string-2.0.1.tgz",
			"integrity": "sha512-nDV/77Fj6eH1ynwscYTOsbK7rR//Uj0bZXBwJZRfaLEJ1iGBR6kIfNmlNqaqJf649EP0F3NWNdeJi03elllNUQ==",
			"funding": [
				{
					"type": "GitHub Sponsors",
					"url": "https://github.com/sponsors/unifiedjs"
				},
				{
					"type": "OpenCollective",
					"url": "https://opencollective.com/unified"
				}
			],
			"license": "MIT",
			"dependencies": {
				"decode-named-character-reference": "^1.0.0",
				"micromark-util-character": "^2.0.0",
				"micromark-util-decode-numeric-character-reference": "^2.0.0",
				"micromark-util-symbol": "^2.0.0"
			}
		},
		"node_modules/micromark-util-encode": {
			"version": "2.0.1",
			"resolved": "https://registry.npmjs.org/micromark-util-encode/-/micromark-util-encode-2.0.1.tgz",
			"integrity": "sha512-c3cVx2y4KqUnwopcO9b/SCdo2O67LwJJ/UyqGfbigahfegL9myoEFoDYZgkT7f36T0bLrM9hZTAaAyH+PCAXjw==",
			"funding": [
				{
					"type": "GitHub Sponsors",
					"url": "https://github.com/sponsors/unifiedjs"
				},
				{
					"type": "OpenCollective",
					"url": "https://opencollective.com/unified"
				}
			],
			"license": "MIT"
		},
		"node_modules/micromark-util-html-tag-name": {
			"version": "2.0.1",
			"resolved": "https://registry.npmjs.org/micromark-util-html-tag-name/-/micromark-util-html-tag-name-2.0.1.tgz",
			"integrity": "sha512-2cNEiYDhCWKI+Gs9T0Tiysk136SnR13hhO8yW6BGNyhOC4qYFnwF1nKfD3HFAIXA5c45RrIG1ub11GiXeYd1xA==",
			"funding": [
				{
					"type": "GitHub Sponsors",
					"url": "https://github.com/sponsors/unifiedjs"
				},
				{
					"type": "OpenCollective",
					"url": "https://opencollective.com/unified"
				}
			],
			"license": "MIT"
		},
		"node_modules/micromark-util-normalize-identifier": {
			"version": "2.0.1",
			"resolved": "https://registry.npmjs.org/micromark-util-normalize-identifier/-/micromark-util-normalize-identifier-2.0.1.tgz",
			"integrity": "sha512-sxPqmo70LyARJs0w2UclACPUUEqltCkJ6PhKdMIDuJ3gSf/Q+/GIe3WKl0Ijb/GyH9lOpUkRAO2wp0GVkLvS9Q==",
			"funding": [
				{
					"type": "GitHub Sponsors",
					"url": "https://github.com/sponsors/unifiedjs"
				},
				{
					"type": "OpenCollective",
					"url": "https://opencollective.com/unified"
				}
			],
			"license": "MIT",
			"dependencies": {
				"micromark-util-symbol": "^2.0.0"
			}
		},
		"node_modules/micromark-util-resolve-all": {
			"version": "2.0.1",
			"resolved": "https://registry.npmjs.org/micromark-util-resolve-all/-/micromark-util-resolve-all-2.0.1.tgz",
			"integrity": "sha512-VdQyxFWFT2/FGJgwQnJYbe1jjQoNTS4RjglmSjTUlpUMa95Htx9NHeYW4rGDJzbjvCsl9eLjMQwGeElsqmzcHg==",
			"funding": [
				{
					"type": "GitHub Sponsors",
					"url": "https://github.com/sponsors/unifiedjs"
				},
				{
					"type": "OpenCollective",
					"url": "https://opencollective.com/unified"
				}
			],
			"license": "MIT",
			"dependencies": {
				"micromark-util-types": "^2.0.0"
			}
		},
		"node_modules/micromark-util-sanitize-uri": {
			"version": "2.0.1",
			"resolved": "https://registry.npmjs.org/micromark-util-sanitize-uri/-/micromark-util-sanitize-uri-2.0.1.tgz",
			"integrity": "sha512-9N9IomZ/YuGGZZmQec1MbgxtlgougxTodVwDzzEouPKo3qFWvymFHWcnDi2vzV1ff6kas9ucW+o3yzJK9YB1AQ==",
			"funding": [
				{
					"type": "GitHub Sponsors",
					"url": "https://github.com/sponsors/unifiedjs"
				},
				{
					"type": "OpenCollective",
					"url": "https://opencollective.com/unified"
				}
			],
			"license": "MIT",
			"dependencies": {
				"micromark-util-character": "^2.0.0",
				"micromark-util-encode": "^2.0.0",
				"micromark-util-symbol": "^2.0.0"
			}
		},
		"node_modules/micromark-util-subtokenize": {
			"version": "2.1.0",
			"resolved": "https://registry.npmjs.org/micromark-util-subtokenize/-/micromark-util-subtokenize-2.1.0.tgz",
			"integrity": "sha512-XQLu552iSctvnEcgXw6+Sx75GflAPNED1qx7eBJ+wydBb2KCbRZe+NwvIEEMM83uml1+2WSXpBAcp9IUCgCYWA==",
			"funding": [
				{
					"type": "GitHub Sponsors",
					"url": "https://github.com/sponsors/unifiedjs"
				},
				{
					"type": "OpenCollective",
					"url": "https://opencollective.com/unified"
				}
			],
			"license": "MIT",
			"dependencies": {
				"devlop": "^1.0.0",
				"micromark-util-chunked": "^2.0.0",
				"micromark-util-symbol": "^2.0.0",
				"micromark-util-types": "^2.0.0"
			}
		},
		"node_modules/micromark-util-symbol": {
			"version": "2.0.1",
			"resolved": "https://registry.npmjs.org/micromark-util-symbol/-/micromark-util-symbol-2.0.1.tgz",
			"integrity": "sha512-vs5t8Apaud9N28kgCrRUdEed4UJ+wWNvicHLPxCa9ENlYuAY31M0ETy5y1vA33YoNPDFTghEbnh6efaE8h4x0Q==",
			"funding": [
				{
					"type": "GitHub Sponsors",
					"url": "https://github.com/sponsors/unifiedjs"
				},
				{
					"type": "OpenCollective",
					"url": "https://opencollective.com/unified"
				}
			],
			"license": "MIT"
		},
		"node_modules/micromark-util-types": {
			"version": "2.0.2",
			"resolved": "https://registry.npmjs.org/micromark-util-types/-/micromark-util-types-2.0.2.tgz",
			"integrity": "sha512-Yw0ECSpJoViF1qTU4DC6NwtC4aWGt1EkzaQB8KPPyCRR8z9TWeV0HbEFGTO+ZY1wB22zmxnJqhPyTpOVCpeHTA==",
			"funding": [
				{
					"type": "GitHub Sponsors",
					"url": "https://github.com/sponsors/unifiedjs"
				},
				{
					"type": "OpenCollective",
					"url": "https://opencollective.com/unified"
				}
			],
			"license": "MIT"
		},
		"node_modules/ms": {
			"version": "2.1.3",
			"resolved": "https://registry.npmjs.org/ms/-/ms-2.1.3.tgz",
			"integrity": "sha512-6FlzubTLZG3J2a/NVCAleEhjzq5oxgHyaCU9yYXvcLsvoVaHJq/s5xXI6/XXP6tz7R9xAOtHnSO/tXtF3WRTlA==",
			"license": "MIT"
		},
		"node_modules/typescript": {
			"version": "5.9.3",
			"dev": true,
			"license": "Apache-2.0",
			"bin": {
				"tsc": "bin/tsc",
				"tsserver": "bin/tsserver"
			},
			"engines": {
				"node": ">=14.17"
			}
		},
		"node_modules/undici-types": {
			"version": "7.19.0",
			"resolved": "https://registry.npmjs.org/undici-types/-/undici-types-7.19.0.tgz",
			"integrity": "sha512-Rjk2OWDZf2eiXVQjY2HyE3XPjqW/wXnSZq0QkOsPKZEnaetNNBObTp91LYfGdB8hRbRZk4HFcM/cONw452B0AQ==",
			"dev": true,
			"license": "MIT"
		},
		"node_modules/unist-util-stringify-position": {
			"version": "4.0.0",
			"resolved": "https://registry.npmjs.org/unist-util-stringify-position/-/unist-util-stringify-position-4.0.0.tgz",
			"integrity": "sha512-0ASV06AAoKCDkS2+xw5RXJywruurpbC4JZSm7nr7MOt1ojAzvyyaO+UxZf18j8FCF6kmzCZKcAgN/yu2gm2XgQ==",
			"license": "MIT",
			"dependencies": {
				"@types/unist": "^3.0.0"
			},
			"funding": {
				"type": "opencollective",
				"url": "https://opencollective.com/unified"
			}
		},
		"node_modules/yaml": {
			"version": "2.9.0",
			"resolved": "https://registry.npmjs.org/yaml/-/yaml-2.9.0.tgz",
			"integrity": "sha512-2AvhNX3mb8zd6Zy7INTtSpl1F15HW6Wnqj0srWlkKLcpYl/gMIMJiyuGq2KeI2YFxUPjdlB+3Lc10seMLtL4cA==",
			"license": "ISC",
			"bin": {
				"yaml": "bin.mjs"
			},
			"engines": {
				"node": ">= 14.6"
			},
			"funding": {
				"url": "https://github.com/sponsors/eemeli"
			}
		},
		"node_modules/zod": {
			"version": "4.4.3",
			"resolved": "https://registry.npmjs.org/zod/-/zod-4.4.3.tgz",
			"integrity": "sha512-ytENFjIJFl2UwYglde2jchW2Hwm4GJFLDiSXWdTrJQBIN9Fcyp7n4DhxJEiWNAJMV1/BqWfW/kkg71UDcHJyTQ==",
			"dev": true,
			"license": "MIT",
			"funding": {
				"url": "https://github.com/sponsors/colinhacks"
			}
		}
	}
}
